{
    "version": 3,
    "terraform_version": "0.11.10",
    "serial": 3,
    "lineage": "c4d5f4b8-a0ff-a03c-8b36-c78e1c6b0d82",
    "modules": [
        {
            "path": [
                "root"
            ],
            "outputs": {},
            "resources": {
                "azurerm_resource_group.test": {
                    "type": "azurerm_resource_group",
                    "depends_on": [],
                    "primary": {
                        "id": "/subscriptions/afff1e9c-3da1-4920-b030-0dd34407dfaa/resourceGroups/testrg",
                        "attributes": {
                            "id": "/subscriptions/afff1e9c-3da1-4920-b030-0dd34407dfaa/resourceGroups/testrg",
                            "location": "westus",
                            "name": "testrg",
                            "tags.%": "1",
                            "tags.environment": "dev"
                        },
                        "meta": {},
                        "tainted": false
                    },
                    "deposed": [],
                    "provider": "provider.azurerm"
                }
            },
            "depends_on": []
        }
    ]
}
